
Microsoft Visual Studio Solution File, Format Version 12.00
# Visual Studio Version 16
VisualStudioVersion = 25.0.1703.6
MinimumVisualStudioVersion = 10.0.40219.1
Project("{FAE04EC0-301F-11D3-BF4B-00C04F79EFBC}") = "ApiCatalogo", "ApiCatalogo\ApiCatalogo.csproj", "{38F45E2E-FEC3-41AD-B600-CE7FD25A043D}"
EndProject
Global
	GlobalSection(SolutionConfigurationPlatforms) = preSolution
		Debug|Any CPU = Debug|Any CPU
		Release|Any CPU = Release|Any CPU
	EndGlobalSection
	GlobalSection(ProjectConfigurationPlatforms) = postSolution
		{38F45E2E-FEC3-41AD-B600-CE7FD25A043D}.Debug|Any CPU.ActiveCfg = Debug|Any CPU
		{38F45E2E-FEC3-41AD-B600-CE7FD25A043D}.Debug|Any CPU.Build.0 = Debug|Any CPU
		{38F45E2E-FEC3-41AD-B600-CE7FD25A043D}.Release|Any CPU.ActiveCfg = Release|Any CPU
		{38F45E2E-FEC3-41AD-B600-CE7FD25A043D}.Release|Any CPU.Build.0 = Release|Any CPU
	EndGlobalSection
	GlobalSection(SolutionProperties) = preSolution
		HideSolutionNode = FALSE
	EndGlobalSection
	GlobalSection(ExtensibilityGlobals) = postSolution
		SolutionGuid = {D84D3212-1B78-4259-B6CF-6EA7971E625E}
	EndGlobalSection
EndGlobal
