
Microsoft Visual Studio Solution File, Format Version 12.00
# Visual Studio Version 16
VisualStudioVersion = 25.0.1704.1
MinimumVisualStudioVersion = 10.0.40219.1
Project("{FAE04EC0-301F-11D3-BF4B-00C04F79EFBC}") = "ApiCatalogo", "ApiCatalogo\ApiCatalogo.csproj", "{A75E813D-F0CE-4135-A554-04B89262BA40}"
EndProject
Global
	GlobalSection(SolutionConfigurationPlatforms) = preSolution
		Debug|Any CPU = Debug|Any CPU
		Release|Any CPU = Release|Any CPU
	EndGlobalSection
	GlobalSection(ProjectConfigurationPlatforms) = postSolution
		{A75E813D-F0CE-4135-A554-04B89262BA40}.Debug|Any CPU.ActiveCfg = Debug|Any CPU
		{A75E813D-F0CE-4135-A554-04B89262BA40}.Debug|Any CPU.Build.0 = Debug|Any CPU
		{A75E813D-F0CE-4135-A554-04B89262BA40}.Release|Any CPU.ActiveCfg = Release|Any CPU
		{A75E813D-F0CE-4135-A554-04B89262BA40}.Release|Any CPU.Build.0 = Release|Any CPU
	EndGlobalSection
	GlobalSection(SolutionProperties) = preSolution
		HideSolutionNode = FALSE
	EndGlobalSection
	GlobalSection(ExtensibilityGlobals) = postSolution
		SolutionGuid = {1E3243B2-31FD-419D-AB2C-9A212EFC6ADC}
	EndGlobalSection
EndGlobal
